
Microsoft Visual Studio Solution File, Format Version 12.00
# Visual Studio Version 17
VisualStudioVersion = 17.13.35806.99 d17.13
MinimumVisualStudioVersion = 10.0.40219.1
Project("{8BC9CEB8-8B4A-11D0-8D11-00A0C91BC942}") = "Lab 1", "Lab 1\Lab 1.vcxproj", "{45F5106F-A7FA-459F-A1CA-94BFA6C0BBC4}"
EndProject
Project("{8BC9CEB8-8B4A-11D0-8D11-00A0C91BC942}") = "Ch2_Sandbox", "Ch2_Sandbox\Ch2_Sandbox.vcxproj", "{F7C6D8EB-1397-4DA2-8FEB-303BF33153F5}"
EndProject
Global
	GlobalSection(SolutionConfigurationPlatforms) = preSolution
		Debug|x64 = Debug|x64
		Debug|x86 = Debug|x86
		Release|x64 = Release|x64
		Release|x86 = Release|x86
	EndGlobalSection
	GlobalSection(ProjectConfigurationPlatforms) = postSolution
		{45F5106F-A7FA-459F-A1CA-94BFA6C0BBC4}.Debug|x64.ActiveCfg = Debug|x64
		{45F5106F-A7FA-459F-A1CA-94BFA6C0BBC4}.Debug|x64.Build.0 = Debug|x64
		{45F5106F-A7FA-459F-A1CA-94BFA6C0BBC4}.Debug|x86.ActiveCfg = Debug|Win32
		{45F5106F-A7FA-459F-A1CA-94BFA6C0BBC4}.Debug|x86.Build.0 = Debug|Win32
		{45F5106F-A7FA-459F-A1CA-94BFA6C0BBC4}.Release|x64.ActiveCfg = Release|x64
		{45F5106F-A7FA-459F-A1CA-94BFA6C0BBC4}.Release|x64.Build.0 = Release|x64
		{45F5106F-A7FA-459F-A1CA-94BFA6C0BBC4}.Release|x86.ActiveCfg = Release|Win32
		{45F5106F-A7FA-459F-A1CA-94BFA6C0BBC4}.Release|x86.Build.0 = Release|Win32
		{F7C6D8EB-1397-4DA2-8FEB-303BF33153F5}.Debug|x64.ActiveCfg = Debug|x64
		{F7C6D8EB-1397-4DA2-8FEB-303BF33153F5}.Debug|x64.Build.0 = Debug|x64
		{F7C6D8EB-1397-4DA2-8FEB-303BF33153F5}.Debug|x86.ActiveCfg = Debug|Win32
		{F7C6D8EB-1397-4DA2-8FEB-303BF33153F5}.Debug|x86.Build.0 = Debug|Win32
		{F7C6D8EB-1397-4DA2-8FEB-303BF33153F5}.Release|x64.ActiveCfg = Release|x64
		{F7C6D8EB-1397-4DA2-8FEB-303BF33153F5}.Release|x64.Build.0 = Release|x64
		{F7C6D8EB-1397-4DA2-8FEB-303BF33153F5}.Release|x86.ActiveCfg = Release|Win32
		{F7C6D8EB-1397-4DA2-8FEB-303BF33153F5}.Release|x86.Build.0 = Release|Win32
	EndGlobalSection
	GlobalSection(SolutionProperties) = preSolution
		HideSolutionNode = FALSE
	EndGlobalSection
	GlobalSection(ExtensibilityGlobals) = postSolution
		SolutionGuid = {C7A349D4-D6E5-4DF0-9BB7-78E30187E12B}
	EndGlobalSection
EndGlobal
